// !$*UTF8*$!
{
	archiveVersion = 1;
	classes = {
	};
	objectVersion = 46;
	objects = {

/* Begin PBXBuildFile section */
		F189F0D51BCF426F00E50D29 /* main.m in Sources */ = {isa = PBXBuildFile; fileRef = F189F0D41BCF426F00E50D29 /* main.m */; };
		F189F0D81BCF426F00E50D29 /* AppDelegate.m in Sources */ = {isa = PBXBuildFile; fileRef = F189F0D71BCF426F00E50D29 /* AppDelegate.m */; };
		F189F0DB1BCF426F00E50D29 /* ViewController.m in Sources */ = {isa = PBXBuildFile; fileRef = F189F0DA1BCF426F00E50D29 /* ViewController.m */; };
		F189F0DE1BCF426F00E50D29 /* Main.storyboard in Resources */ = {isa = PBXBuildFile; fileRef = F189F0DC1BCF426F00E50D29 /* Main.storyboard */; };
		F189F0E01BCF426F00E50D29 /* Assets.xcassets in Resources */ = {isa = PBXBuildFile; fileRef = F189F0DF1BCF426F00E50D29 /* Assets.xcassets */; };
		F189F0E31BCF426F00E50D29 /* LaunchScreen.storyboard in Resources */ = {isa = PBXBuildFile; fileRef = F189F0E11BCF426F00E50D29 /* LaunchScreen.storyboard */; };
		F189F0EE1BCF426F00E50D29 /* PhotoGridTests.m in Sources */ = {isa = PBXBuildFile; fileRef = F189F0ED1BCF426F00E50D29 /* PhotoGridTests.m */; };
		F189F0F91BCF426F00E50D29 /* PhotoGridUITests.m in Sources */ = {isa = PBXBuildFile; fileRef = F189F0F81BCF426F00E50D29 /* PhotoGridUITests.m */; };
		F189F10D1BCF42CE00E50D29 /* HHPhotoWallCollectionViewCell.m in Sources */ = {isa = PBXBuildFile; fileRef = F189F1081BCF42CE00E50D29 /* HHPhotoWallCollectionViewCell.m */; };
		F189F10E1BCF42CE00E50D29 /* HHPhotoWallView.m in Sources */ = {isa = PBXBuildFile; fileRef = F189F10A1BCF42CE00E50D29 /* HHPhotoWallView.m */; };
		F189F10F1BCF42CE00E50D29 /* PCollectionViewFlowLayout.m in Sources */ = {isa = PBXBuildFile; fileRef = F189F10C1BCF42CE00E50D29 /* PCollectionViewFlowLayout.m */; };
		F189F1151BCF75E100E50D29 /* HHImageGroupViewController.m in Sources */ = {isa = PBXBuildFile; fileRef = F189F1141BCF75E100E50D29 /* HHImageGroupViewController.m */; };
		F189F1181BCF77D600E50D29 /* HHImageGroupViewCell.m in Sources */ = {isa = PBXBuildFile; fileRef = F189F1171BCF77D600E50D29 /* HHImageGroupViewCell.m */; };
		F189F11A1BCF78A900E50D29 /* AssetsLibrary.framework in Frameworks */ = {isa = PBXBuildFile; fileRef = F189F1191BCF78A900E50D29 /* AssetsLibrary.framework */; };
		F189F11D1BCF80E300E50D29 /* HHPhotoLibraryFactory.m in Sources */ = {isa = PBXBuildFile; fileRef = F189F11C1BCF80E300E50D29 /* HHPhotoLibraryFactory.m */; };
		F189F1201BCF810500E50D29 /* HHPhotoLibrary.m in Sources */ = {isa = PBXBuildFile; fileRef = F189F11F1BCF810500E50D29 /* HHPhotoLibrary.m */; };
		F189F1261BCF813D00E50D29 /* HHPhotoLibraryPhoto.m in Sources */ = {isa = PBXBuildFile; fileRef = F189F1251BCF813D00E50D29 /* HHPhotoLibraryPhoto.m */; };
		F189F1291BCF814B00E50D29 /* HHPhotoLibraryAsset.m in Sources */ = {isa = PBXBuildFile; fileRef = F189F1281BCF814B00E50D29 /* HHPhotoLibraryAsset.m */; };
		F189F12C1BCF83F500E50D29 /* HHPhotoManager.m in Sources */ = {isa = PBXBuildFile; fileRef = F189F12B1BCF83F500E50D29 /* HHPhotoManager.m */; };
		F189F12F1BCF848300E50D29 /* HHPhotoGroupModel.m in Sources */ = {isa = PBXBuildFile; fileRef = F189F12E1BCF848300E50D29 /* HHPhotoGroupModel.m */; };
		F189F1391BCFAC0800E50D29 /* HHImageViewController.m in Sources */ = {isa = PBXBuildFile; fileRef = F189F1381BCFAC0800E50D29 /* HHImageViewController.m */; };
		F189F13C1BCFAC2600E50D29 /* HHImageCollectionView.m in Sources */ = {isa = PBXBuildFile; fileRef = F189F13B1BCFAC2600E50D29 /* HHImageCollectionView.m */; };
		F189F13F1BCFAEE400E50D29 /* HHImageCollectionViewCell.m in Sources */ = {isa = PBXBuildFile; fileRef = F189F13E1BCFAEE400E50D29 /* HHImageCollectionViewCell.m */; };
		F189F1421BCFB04F00E50D29 /* HHImageModel.m in Sources */ = {isa = PBXBuildFile; fileRef = F189F1411BCFB04F00E50D29 /* HHImageModel.m */; };
		F19309171BD099C200B41502 /* HHBigImageCollectionView.m in Sources */ = {isa = PBXBuildFile; fileRef = F19309161BD099C200B41502 /* HHBigImageCollectionView.m */; };
		F193091A1BD099E600B41502 /* HHBigImageViewController.m in Sources */ = {isa = PBXBuildFile; fileRef = F19309191BD099E600B41502 /* HHBigImageViewController.m */; };
		F193091D1BD09FF900B41502 /* HHBigImageCollectionViewCell.m in Sources */ = {isa = PBXBuildFile; fileRef = F193091C1BD09FF900B41502 /* HHBigImageCollectionViewCell.m */; };
		F19309241BD113B000B41502 /* HHImageToolBar.m in Sources */ = {isa = PBXBuildFile; fileRef = F19309231BD113B000B41502 /* HHImageToolBar.m */; };
		F1A57A671BD34A1300BF5FDB /* Photos.framework in Frameworks */ = {isa = PBXBuildFile; fileRef = F1A57A661BD34A1300BF5FDB /* Photos.framework */; };
		F1AFF9411BD4AB0B007601B4 /* HHImageSelectGirdView.m in Sources */ = {isa = PBXBuildFile; fileRef = F1AFF9401BD4AB0B007601B4 /* HHImageSelectGirdView.m */; };
/* End PBXBuildFile section */

/* Begin PBXContainerItemProxy section */
		F189F0EA1BCF426F00E50D29 /* PBXContainerItemProxy */ = {
			isa = PBXContainerItemProxy;
			containerPortal = F189F0C81BCF426F00E50D29 /* Project object */;
			proxyType = 1;
			remoteGlobalIDString = F189F0CF1BCF426F00E50D29;
			remoteInfo = PhotoGrid;
		};
		F189F0F51BCF426F00E50D29 /* PBXContainerItemProxy */ = {
			isa = PBXContainerItemProxy;
			containerPortal = F189F0C81BCF426F00E50D29 /* Project object */;
			proxyType = 1;
			remoteGlobalIDString = F189F0CF1BCF426F00E50D29;
			remoteInfo = PhotoGrid;
		};
/* End PBXContainerItemProxy section */

/* Begin PBXFileReference section */
		F189F0D01BCF426F00E50D29 /* HHPhotoGrid.app */ = {isa = PBXFileReference; explicitFileType = wrapper.application; includeInIndex = 0; path = HHPhotoGrid.app; sourceTree = BUILT_PRODUCTS_DIR; };
		F189F0D41BCF426F00E50D29 /* main.m */ = {isa = PBXFileReference; lastKnownFileType = sourcecode.c.objc; path = main.m; sourceTree = "<group>"; };
		F189F0D61BCF426F00E50D29 /* AppDelegate.h */ = {isa = PBXFileReference; lastKnownFileType = sourcecode.c.h; path = AppDelegate.h; sourceTree = "<group>"; };
		F189F0D71BCF426F00E50D29 /* AppDelegate.m */ = {isa = PBXFileReference; lastKnownFileType = sourcecode.c.objc; path = AppDelegate.m; sourceTree = "<group>"; };
		F189F0D91BCF426F00E50D29 /* ViewController.h */ = {isa = PBXFileReference; lastKnownFileType = sourcecode.c.h; path = ViewController.h; sourceTree = "<group>"; };
		F189F0DA1BCF426F00E50D29 /* ViewController.m */ = {isa = PBXFileReference; lastKnownFileType = sourcecode.c.objc; path = ViewController.m; sourceTree = "<group>"; };
		F189F0DD1BCF426F00E50D29 /* Base */ = {isa = PBXFileReference; lastKnownFileType = file.storyboard; name = Base; path = Base.lproj/Main.storyboard; sourceTree = "<group>"; };
		F189F0DF1BCF426F00E50D29 /* Assets.xcassets */ = {isa = PBXFileReference; lastKnownFileType = folder.assetcatalog; path = Assets.xcassets; sourceTree = "<group>"; };
		F189F0E21BCF426F00E50D29 /* Base */ = {isa = PBXFileReference; lastKnownFileType = file.storyboard; name = Base; path = Base.lproj/LaunchScreen.storyboard; sourceTree = "<group>"; };
		F189F0E41BCF426F00E50D29 /* Info.plist */ = {isa = PBXFileReference; lastKnownFileType = text.plist.xml; path = Info.plist; sourceTree = "<group>"; };
		F189F0E91BCF426F00E50D29 /* HHPhotoGrid.xctest */ = {isa = PBXFileReference; explicitFileType = wrapper.cfbundle; includeInIndex = 0; path = HHPhotoGrid.xctest; sourceTree = BUILT_PRODUCTS_DIR; };
		F189F0ED1BCF426F00E50D29 /* PhotoGridTests.m */ = {isa = PBXFileReference; lastKnownFileType = sourcecode.c.objc; path = PhotoGridTests.m; sourceTree = "<group>"; };
		F189F0EF1BCF426F00E50D29 /* Info.plist */ = {isa = PBXFileReference; lastKnownFileType = text.plist.xml; path = Info.plist; sourceTree = "<group>"; };
		F189F0F41BCF426F00E50D29 /* HHPhotoGrid.xctest */ = {isa = PBXFileReference; explicitFileType = wrapper.cfbundle; includeInIndex = 0; path = HHPhotoGrid.xctest; sourceTree = BUILT_PRODUCTS_DIR; };
		F189F0F81BCF426F00E50D29 /* PhotoGridUITests.m */ = {isa = PBXFileReference; lastKnownFileType = sourcecode.c.objc; path = PhotoGridUITests.m; sourceTree = "<group>"; };
		F189F0FA1BCF426F00E50D29 /* Info.plist */ = {isa = PBXFileReference; lastKnownFileType = text.plist.xml; path = Info.plist; sourceTree = "<group>"; };
		F189F1071BCF42CE00E50D29 /* HHPhotoWallCollectionViewCell.h */ = {isa = PBXFileReference; fileEncoding = 4; lastKnownFileType = sourcecode.c.h; path = HHPhotoWallCollectionViewCell.h; sourceTree = "<group>"; };
		F189F1081BCF42CE00E50D29 /* HHPhotoWallCollectionViewCell.m */ = {isa = PBXFileReference; fileEncoding = 4; lastKnownFileType = sourcecode.c.objc; path = HHPhotoWallCollectionViewCell.m; sourceTree = "<group>"; };
		F189F1091BCF42CE00E50D29 /* HHPhotoWallView.h */ = {isa = PBXFileReference; fileEncoding = 4; lastKnownFileType = sourcecode.c.h; path = HHPhotoWallView.h; sourceTree = "<group>"; };
		F189F10A1BCF42CE00E50D29 /* HHPhotoWallView.m */ = {isa = PBXFileReference; fileEncoding = 4; lastKnownFileType = sourcecode.c.objc; path = HHPhotoWallView.m; sourceTree = "<group>"; };
		F189F10B1BCF42CE00E50D29 /* PCollectionViewFlowLayout.h */ = {isa = PBXFileReference; fileEncoding = 4; lastKnownFileType = sourcecode.c.h; path = PCollectionViewFlowLayout.h; sourceTree = "<group>"; };
		F189F10C1BCF42CE00E50D29 /* PCollectionViewFlowLayout.m */ = {isa = PBXFileReference; fileEncoding = 4; lastKnownFileType = sourcecode.c.objc; path = PCollectionViewFlowLayout.m; sourceTree = "<group>"; };
		F189F1131BCF75E100E50D29 /* HHImageGroupViewController.h */ = {isa = PBXFileReference; fileEncoding = 4; lastKnownFileType = sourcecode.c.h; path = HHImageGroupViewController.h; sourceTree = "<group>"; };
		F189F1141BCF75E100E50D29 /* HHImageGroupViewController.m */ = {isa = PBXFileReference; fileEncoding = 4; lastKnownFileType = sourcecode.c.objc; path = HHImageGroupViewController.m; sourceTree = "<group>"; };
		F189F1161BCF77D600E50D29 /* HHImageGroupViewCell.h */ = {isa = PBXFileReference; fileEncoding = 4; lastKnownFileType = sourcecode.c.h; path = HHImageGroupViewCell.h; sourceTree = "<group>"; };
		F189F1171BCF77D600E50D29 /* HHImageGroupViewCell.m */ = {isa = PBXFileReference; fileEncoding = 4; lastKnownFileType = sourcecode.c.objc; path = HHImageGroupViewCell.m; sourceTree = "<group>"; };
		F189F1191BCF78A900E50D29 /* AssetsLibrary.framework */ = {isa = PBXFileReference; lastKnownFileType = wrapper.framework; name = AssetsLibrary.framework; path = System/Library/Frameworks/AssetsLibrary.framework; sourceTree = SDKROOT; };
		F189F11B1BCF80E300E50D29 /* HHPhotoLibraryFactory.h */ = {isa = PBXFileReference; fileEncoding = 4; lastKnownFileType = sourcecode.c.h; path = HHPhotoLibraryFactory.h; sourceTree = "<group>"; };
		F189F11C1BCF80E300E50D29 /* HHPhotoLibraryFactory.m */ = {isa = PBXFileReference; fileEncoding = 4; lastKnownFileType = sourcecode.c.objc; path = HHPhotoLibraryFactory.m; sourceTree = "<group>"; };
		F189F11E1BCF810500E50D29 /* HHPhotoLibrary.h */ = {isa = PBXFileReference; fileEncoding = 4; lastKnownFileType = sourcecode.c.h; path = HHPhotoLibrary.h; sourceTree = "<group>"; };
		F189F11F1BCF810500E50D29 /* HHPhotoLibrary.m */ = {isa = PBXFileReference; fileEncoding = 4; lastKnownFileType = sourcecode.c.objc; path = HHPhotoLibrary.m; sourceTree = "<group>"; };
		F189F1241BCF813D00E50D29 /* HHPhotoLibraryPhoto.h */ = {isa = PBXFileReference; fileEncoding = 4; lastKnownFileType = sourcecode.c.h; path = HHPhotoLibraryPhoto.h; sourceTree = "<group>"; };
		F189F1251BCF813D00E50D29 /* HHPhotoLibraryPhoto.m */ = {isa = PBXFileReference; fileEncoding = 4; lastKnownFileType = sourcecode.c.objc; path = HHPhotoLibraryPhoto.m; sourceTree = "<group>"; };
		F189F1271BCF814B00E50D29 /* HHPhotoLibraryAsset.h */ = {isa = PBXFileReference; fileEncoding = 4; lastKnownFileType = sourcecode.c.h; path = HHPhotoLibraryAsset.h; sourceTree = "<group>"; };
		F189F1281BCF814B00E50D29 /* HHPhotoLibraryAsset.m */ = {isa = PBXFileReference; fileEncoding = 4; lastKnownFileType = sourcecode.c.objc; path = HHPhotoLibraryAsset.m; sourceTree = "<group>"; };
		F189F12A1BCF83F500E50D29 /* HHPhotoManager.h */ = {isa = PBXFileReference; fileEncoding = 4; lastKnownFileType = sourcecode.c.h; path = HHPhotoManager.h; sourceTree = "<group>"; };
		F189F12B1BCF83F500E50D29 /* HHPhotoManager.m */ = {isa = PBXFileReference; fileEncoding = 4; lastKnownFileType = sourcecode.c.objc; path = HHPhotoManager.m; sourceTree = "<group>"; };
		F189F12D1BCF848300E50D29 /* HHPhotoGroupModel.h */ = {isa = PBXFileReference; fileEncoding = 4; lastKnownFileType = sourcecode.c.h; path = HHPhotoGroupModel.h; sourceTree = "<group>"; };
		F189F12E1BCF848300E50D29 /* HHPhotoGroupModel.m */ = {isa = PBXFileReference; fileEncoding = 4; lastKnownFileType = sourcecode.c.objc; path = HHPhotoGroupModel.m; sourceTree = "<group>"; };
		F189F1371BCFAC0800E50D29 /* HHImageViewController.h */ = {isa = PBXFileReference; fileEncoding = 4; lastKnownFileType = sourcecode.c.h; path = HHImageViewController.h; sourceTree = "<group>"; };
		F189F1381BCFAC0800E50D29 /* HHImageViewController.m */ = {isa = PBXFileReference; fileEncoding = 4; lastKnownFileType = sourcecode.c.objc; path = HHImageViewController.m; sourceTree = "<group>"; };
		F189F13A1BCFAC2600E50D29 /* HHImageCollectionView.h */ = {isa = PBXFileReference; fileEncoding = 4; lastKnownFileType = sourcecode.c.h; path = HHImageCollectionView.h; sourceTree = "<group>"; };
		F189F13B1BCFAC2600E50D29 /* HHImageCollectionView.m */ = {isa = PBXFileReference; fileEncoding = 4; lastKnownFileType = sourcecode.c.objc; path = HHImageCollectionView.m; sourceTree = "<group>"; };
		F189F13D1BCFAEE400E50D29 /* HHImageCollectionViewCell.h */ = {isa = PBXFileReference; fileEncoding = 4; lastKnownFileType = sourcecode.c.h; path = HHImageCollectionViewCell.h; sourceTree = "<group>"; };
		F189F13E1BCFAEE400E50D29 /* HHImageCollectionViewCell.m */ = {isa = PBXFileReference; fileEncoding = 4; lastKnownFileType = sourcecode.c.objc; path = HHImageCollectionViewCell.m; sourceTree = "<group>"; };
		F189F1401BCFB04F00E50D29 /* HHImageModel.h */ = {isa = PBXFileReference; fileEncoding = 4; lastKnownFileType = sourcecode.c.h; path = HHImageModel.h; sourceTree = "<group>"; };
		F189F1411BCFB04F00E50D29 /* HHImageModel.m */ = {isa = PBXFileReference; fileEncoding = 4; lastKnownFileType = sourcecode.c.objc; path = HHImageModel.m; sourceTree = "<group>"; };
		F19309151BD099C200B41502 /* HHBigImageCollectionView.h */ = {isa = PBXFileReference; fileEncoding = 4; lastKnownFileType = sourcecode.c.h; path = HHBigImageCollectionView.h; sourceTree = "<group>"; };
		F19309161BD099C200B41502 /* HHBigImageCollectionView.m */ = {isa = PBXFileReference; fileEncoding = 4; lastKnownFileType = sourcecode.c.objc; path = HHBigImageCollectionView.m; sourceTree = "<group>"; };
		F19309181BD099E600B41502 /* HHBigImageViewController.h */ = {isa = PBXFileReference; fileEncoding = 4; lastKnownFileType = sourcecode.c.h; path = HHBigImageViewController.h; sourceTree = "<group>"; };
		F19309191BD099E600B41502 /* HHBigImageViewController.m */ = {isa = PBXFileReference; fileEncoding = 4; lastKnownFileType = sourcecode.c.objc; path = HHBigImageViewController.m; sourceTree = "<group>"; };
		F193091B1BD09FF900B41502 /* HHBigImageCollectionViewCell.h */ = {isa = PBXFileReference; fileEncoding = 4; lastKnownFileType = sourcecode.c.h; path = HHBigImageCollectionViewCell.h; sourceTree = "<group>"; };
		F193091C1BD09FF900B41502 /* HHBigImageCollectionViewCell.m */ = {isa = PBXFileReference; fileEncoding = 4; lastKnownFileType = sourcecode.c.objc; path = HHBigImageCollectionViewCell.m; sourceTree = "<group>"; };
		F19309221BD113B000B41502 /* HHImageToolBar.h */ = {isa = PBXFileReference; fileEncoding = 4; lastKnownFileType = sourcecode.c.h; path = HHImageToolBar.h; sourceTree = "<group>"; };
		F19309231BD113B000B41502 /* HHImageToolBar.m */ = {isa = PBXFileReference; fileEncoding = 4; lastKnownFileType = sourcecode.c.objc; path = HHImageToolBar.m; sourceTree = "<group>"; };
		F1A57A661BD34A1300BF5FDB /* Photos.framework */ = {isa = PBXFileReference; lastKnownFileType = wrapper.framework; name = Photos.framework; path = System/Library/Frameworks/Photos.framework; sourceTree = SDKROOT; };
		F1AFF93F1BD4AB0B007601B4 /* HHImageSelectGirdView.h */ = {isa = PBXFileReference; fileEncoding = 4; lastKnownFileType = sourcecode.c.h; path = HHImageSelectGirdView.h; sourceTree = "<group>"; };
		F1AFF9401BD4AB0B007601B4 /* HHImageSelectGirdView.m */ = {isa = PBXFileReference; fileEncoding = 4; lastKnownFileType = sourcecode.c.objc; path = HHImageSelectGirdView.m; sourceTree = "<group>"; };
/* End PBXFileReference section */

/* Begin PBXFrameworksBuildPhase section */
		F189F0CD1BCF426F00E50D29 /* Frameworks */ = {
			isa = PBXFrameworksBuildPhase;
			buildActionMask = 2147483647;
			files = (
				F1A57A671BD34A1300BF5FDB /* Photos.framework in Frameworks */,
				F189F11A1BCF78A900E50D29 /* AssetsLibrary.framework in Frameworks */,
			);
			runOnlyForDeploymentPostprocessing = 0;
		};
		F189F0E61BCF426F00E50D29 /* Frameworks */ = {
			isa = PBXFrameworksBuildPhase;
			buildActionMask = 2147483647;
			files = (
			);
			runOnlyForDeploymentPostprocessing = 0;
		};
		F189F0F11BCF426F00E50D29 /* Frameworks */ = {
			isa = PBXFrameworksBuildPhase;
			buildActionMask = 2147483647;
			files = (
			);
			runOnlyForDeploymentPostprocessing = 0;
		};
/* End PBXFrameworksBuildPhase section */

/* Begin PBXGroup section */
		F189F0C71BCF426F00E50D29 = {
			isa = PBXGroup;
			children = (
				F1A57A661BD34A1300BF5FDB /* Photos.framework */,
				F189F1191BCF78A900E50D29 /* AssetsLibrary.framework */,
				F189F0D21BCF426F00E50D29 /* PhotoGrid */,
				F189F0EC1BCF426F00E50D29 /* PhotoGridTests */,
				F189F0F71BCF426F00E50D29 /* PhotoGridUITests */,
				F189F0D11BCF426F00E50D29 /* Products */,
			);
			sourceTree = "<group>";
		};
		F189F0D11BCF426F00E50D29 /* Products */ = {
			isa = PBXGroup;
			children = (
				F189F0D01BCF426F00E50D29 /* HHPhotoGrid.app */,
				F189F0E91BCF426F00E50D29 /* HHPhotoGrid.xctest */,
				F189F0F41BCF426F00E50D29 /* HHPhotoGrid.xctest */,
			);
			name = Products;
			sourceTree = "<group>";
		};
		F189F0D21BCF426F00E50D29 /* PhotoGrid */ = {
			isa = PBXGroup;
			children = (
				F189F1061BCF42CE00E50D29 /* photoWall */,
				F189F0D61BCF426F00E50D29 /* AppDelegate.h */,
				F189F0D71BCF426F00E50D29 /* AppDelegate.m */,
				F189F0D91BCF426F00E50D29 /* ViewController.h */,
				F189F0DA1BCF426F00E50D29 /* ViewController.m */,
				F1AFF93F1BD4AB0B007601B4 /* HHImageSelectGirdView.h */,
				F1AFF9401BD4AB0B007601B4 /* HHImageSelectGirdView.m */,
				F189F1131BCF75E100E50D29 /* HHImageGroupViewController.h */,
				F189F1141BCF75E100E50D29 /* HHImageGroupViewController.m */,
				F189F1161BCF77D600E50D29 /* HHImageGroupViewCell.h */,
				F189F1171BCF77D600E50D29 /* HHImageGroupViewCell.m */,
				F189F1371BCFAC0800E50D29 /* HHImageViewController.h */,
				F189F1381BCFAC0800E50D29 /* HHImageViewController.m */,
				F19309221BD113B000B41502 /* HHImageToolBar.h */,
				F19309231BD113B000B41502 /* HHImageToolBar.m */,
				F189F13A1BCFAC2600E50D29 /* HHImageCollectionView.h */,
				F189F13B1BCFAC2600E50D29 /* HHImageCollectionView.m */,
				F189F13D1BCFAEE400E50D29 /* HHImageCollectionViewCell.h */,
				F189F13E1BCFAEE400E50D29 /* HHImageCollectionViewCell.m */,
				F19309181BD099E600B41502 /* HHBigImageViewController.h */,
				F19309191BD099E600B41502 /* HHBigImageViewController.m */,
				F19309151BD099C200B41502 /* HHBigImageCollectionView.h */,
				F19309161BD099C200B41502 /* HHBigImageCollectionView.m */,
				F193091B1BD09FF900B41502 /* HHBigImageCollectionViewCell.h */,
				F193091C1BD09FF900B41502 /* HHBigImageCollectionViewCell.m */,
				F189F1401BCFB04F00E50D29 /* HHImageModel.h */,
				F189F1411BCFB04F00E50D29 /* HHImageModel.m */,
				F189F12D1BCF848300E50D29 /* HHPhotoGroupModel.h */,
				F189F12E1BCF848300E50D29 /* HHPhotoGroupModel.m */,
				F189F12A1BCF83F500E50D29 /* HHPhotoManager.h */,
				F189F12B1BCF83F500E50D29 /* HHPhotoManager.m */,
				F189F11B1BCF80E300E50D29 /* HHPhotoLibraryFactory.h */,
				F189F11C1BCF80E300E50D29 /* HHPhotoLibraryFactory.m */,
				F189F11E1BCF810500E50D29 /* HHPhotoLibrary.h */,
				F189F11F1BCF810500E50D29 /* HHPhotoLibrary.m */,
				F189F1241BCF813D00E50D29 /* HHPhotoLibraryPhoto.h */,
				F189F1251BCF813D00E50D29 /* HHPhotoLibraryPhoto.m */,
				F189F1271BCF814B00E50D29 /* HHPhotoLibraryAsset.h */,
				F189F1281BCF814B00E50D29 /* HHPhotoLibraryAsset.m */,
				F189F0DC1BCF426F00E50D29 /* Main.storyboard */,
				F189F0DF1BCF426F00E50D29 /* Assets.xcassets */,
				F189F0E11BCF426F00E50D29 /* LaunchScreen.storyboard */,
				F189F0E41BCF426F00E50D29 /* Info.plist */,
				F189F0D31BCF426F00E50D29 /* Supporting Files */,
			);
			path = PhotoGrid;
			sourceTree = "<group>";
		};
		F189F0D31BCF426F00E50D29 /* Supporting Files */ = {
			isa = PBXGroup;
			children = (
				F189F0D41BCF426F00E50D29 /* main.m */,
			);
			name = "Supporting Files";
			sourceTree = "<group>";
		};
		F189F0EC1BCF426F00E50D29 /* PhotoGridTests */ = {
			isa = PBXGroup;
			children = (
				F189F0ED1BCF426F00E50D29 /* PhotoGridTests.m */,
				F189F0EF1BCF426F00E50D29 /* Info.plist */,
			);
			path = PhotoGridTests;
			sourceTree = "<group>";
		};
		F189F0F71BCF426F00E50D29 /* PhotoGridUITests */ = {
			isa = PBXGroup;
			children = (
				F189F0F81BCF426F00E50D29 /* PhotoGridUITests.m */,
				F189F0FA1BCF426F00E50D29 /* Info.plist */,
			);
			path = PhotoGridUITests;
			sourceTree = "<group>";
		};
		F189F1061BCF42CE00E50D29 /* photoWall */ = {
			isa = PBXGroup;
			children = (
				F189F1071BCF42CE00E50D29 /* HHPhotoWallCollectionViewCell.h */,
				F189F1081BCF42CE00E50D29 /* HHPhotoWallCollectionViewCell.m */,
				F189F1091BCF42CE00E50D29 /* HHPhotoWallView.h */,
				F189F10A1BCF42CE00E50D29 /* HHPhotoWallView.m */,
				F189F10B1BCF42CE00E50D29 /* PCollectionViewFlowLayout.h */,
				F189F10C1BCF42CE00E50D29 /* PCollectionViewFlowLayout.m */,
			);
			path = photoWall;
			sourceTree = "<group>";
		};
/* End PBXGroup section */

/* Begin PBXNativeTarget section */
		F189F0CF1BCF426F00E50D29 /* HHPhotoGrid */ = {
			isa = PBXNativeTarget;
			buildConfigurationList = F189F0FD1BCF426F00E50D29 /* Build configuration list for PBXNativeTarget "HHPhotoGrid" */;
			buildPhases = (
				F189F0CC1BCF426F00E50D29 /* Sources */,
				F189F0CD1BCF426F00E50D29 /* Frameworks */,
				F189F0CE1BCF426F00E50D29 /* Resources */,
			);
			buildRules = (
			);
			dependencies = (
			);
			name = HHPhotoGrid;
			productName = PhotoGrid;
			productReference = F189F0D01BCF426F00E50D29 /* HHPhotoGrid.app */;
			productType = "com.apple.product-type.application";
		};
		F189F0E81BCF426F00E50D29 /* HHPhotoGridTests */ = {
			isa = PBXNativeTarget;
			buildConfigurationList = F189F1001BCF426F00E50D29 /* Build configuration list for PBXNativeTarget "HHPhotoGridTests" */;
			buildPhases = (
				F189F0E51BCF426F00E50D29 /* Sources */,
				F189F0E61BCF426F00E50D29 /* Frameworks */,
				F189F0E71BCF426F00E50D29 /* Resources */,
			);
			buildRules = (
			);
			dependencies = (
				F189F0EB1BCF426F00E50D29 /* PBXTargetDependency */,
			);
			name = HHPhotoGridTests;
			productName = PhotoGridTests;
			productReference = F189F0E91BCF426F00E50D29 /* HHPhotoGrid.xctest */;
			productType = "com.apple.product-type.bundle.unit-test";
		};
		F189F0F31BCF426F00E50D29 /* HHPhotoGridUITests */ = {
			isa = PBXNativeTarget;
			buildConfigurationList = F189F1031BCF426F00E50D29 /* Build configuration list for PBXNativeTarget "HHPhotoGridUITests" */;
			buildPhases = (
				F189F0F01BCF426F00E50D29 /* Sources */,
				F189F0F11BCF426F00E50D29 /* Frameworks */,
				F189F0F21BCF426F00E50D29 /* Resources */,
			);
			buildRules = (
			);
			dependencies = (
				F189F0F61BCF426F00E50D29 /* PBXTargetDependency */,
			);
			name = HHPhotoGridUITests;
			productName = PhotoGridUITests;
			productReference = F189F0F41BCF426F00E50D29 /* HHPhotoGrid.xctest */;
			productType = "com.apple.product-type.bundle.ui-testing";
		};
/* End PBXNativeTarget section */

/* Begin PBXProject section */
		F189F0C81BCF426F00E50D29 /* Project object */ = {
			isa = PBXProject;
			attributes = {
				LastUpgradeCheck = 0700;
				ORGANIZATIONNAME = Hong;
				TargetAttributes = {
					F189F0CF1BCF426F00E50D29 = {
						CreatedOnToolsVersion = 7.0.1;
						DevelopmentTeam = 84X7D98WYH;
					};
					F189F0E81BCF426F00E50D29 = {
						CreatedOnToolsVersion = 7.0.1;
						TestTargetID = F189F0CF1BCF426F00E50D29;
					};
					F189F0F31BCF426F00E50D29 = {
						CreatedOnToolsVersion = 7.0.1;
						TestTargetID = F189F0CF1BCF426F00E50D29;
					};
				};
			};
			buildConfigurationList = F189F0CB1BCF426F00E50D29 /* Build configuration list for PBXProject "HHPhotoGrid" */;
			compatibilityVersion = "Xcode 3.2";
			developmentRegion = English;
			hasScannedForEncodings = 0;
			knownRegions = (
				en,
				Base,
			);
			mainGroup = F189F0C71BCF426F00E50D29;
			productRefGroup = F189F0D11BCF426F00E50D29 /* Products */;
			projectDirPath = "";
			projectRoot = "";
			targets = (
				F189F0CF1BCF426F00E50D29 /* HHPhotoGrid */,
				F189F0E81BCF426F00E50D29 /* HHPhotoGridTests */,
				F189F0F31BCF426F00E50D29 /* HHPhotoGridUITests */,
			);
		};
/* End PBXProject section */

/* Begin PBXResourcesBuildPhase section */
		F189F0CE1BCF426F00E50D29 /* Resources */ = {
			isa = PBXResourcesBuildPhase;
			buildActionMask = 2147483647;
			files = (
				F189F0E31BCF426F00E50D29 /* LaunchScreen.storyboard in Resources */,
				F189F0E01BCF426F00E50D29 /* Assets.xcassets in Resources */,
				F189F0DE1BCF426F00E50D29 /* Main.storyboard in Resources */,
			);
			runOnlyForDeploymentPostprocessing = 0;
		};
		F189F0E71BCF426F00E50D29 /* Resources */ = {
			isa = PBXResourcesBuildPhase;
			buildActionMask = 2147483647;
			files = (
			);
			runOnlyForDeploymentPostprocessing = 0;
		};
		F189F0F21BCF426F00E50D29 /* Resources */ = {
			isa = PBXResourcesBuildPhase;
			buildActionMask = 2147483647;
			files = (
			);
			runOnlyForDeploymentPostprocessing = 0;
		};
/* End PBXResourcesBuildPhase section */

/* Begin PBXSourcesBuildPhase section */
		F189F0CC1BCF426F00E50D29 /* Sources */ = {
			isa = PBXSourcesBuildPhase;
			buildActionMask = 2147483647;
			files = (
				F19309171BD099C200B41502 /* HHBigImageCollectionView.m in Sources */,
				F189F10E1BCF42CE00E50D29 /* HHPhotoWallView.m in Sources */,
				F189F12C1BCF83F500E50D29 /* HHPhotoManager.m in Sources */,
				F189F0DB1BCF426F00E50D29 /* ViewController.m in Sources */,
				F189F1391BCFAC0800E50D29 /* HHImageViewController.m in Sources */,
				F19309241BD113B000B41502 /* HHImageToolBar.m in Sources */,
				F189F0D81BCF426F00E50D29 /* AppDelegate.m in Sources */,
				F189F1261BCF813D00E50D29 /* HHPhotoLibraryPhoto.m in Sources */,
				F189F10F1BCF42CE00E50D29 /* PCollectionViewFlowLayout.m in Sources */,
				F1AFF9411BD4AB0B007601B4 /* HHImageSelectGirdView.m in Sources */,
				F193091D1BD09FF900B41502 /* HHBigImageCollectionViewCell.m in Sources */,
				F189F12F1BCF848300E50D29 /* HHPhotoGroupModel.m in Sources */,
				F189F1181BCF77D600E50D29 /* HHImageGroupViewCell.m in Sources */,
				F189F13F1BCFAEE400E50D29 /* HHImageCollectionViewCell.m in Sources */,
				F189F13C1BCFAC2600E50D29 /* HHImageCollectionView.m in Sources */,
				F189F0D51BCF426F00E50D29 /* main.m in Sources */,
				F189F1201BCF810500E50D29 /* HHPhotoLibrary.m in Sources */,
				F189F10D1BCF42CE00E50D29 /* HHPhotoWallCollectionViewCell.m in Sources */,
				F189F1151BCF75E100E50D29 /* HHImageGroupViewController.m in Sources */,
				F189F11D1BCF80E300E50D29 /* HHPhotoLibraryFactory.m in Sources */,
				F189F1291BCF814B00E50D29 /* HHPhotoLibraryAsset.m in Sources */,
				F193091A1BD099E600B41502 /* HHBigImageViewController.m in Sources */,
				F189F1421BCFB04F00E50D29 /* HHImageModel.m in Sources */,
			);
			runOnlyForDeploymentPostprocessing = 0;
		};
		F189F0E51BCF426F00E50D29 /* Sources */ = {
			isa = PBXSourcesBuildPhase;
			buildActionMask = 2147483647;
			files = (
				F189F0EE1BCF426F00E50D29 /* PhotoGridTests.m in Sources */,
			);
			runOnlyForDeploymentPostprocessing = 0;
		};
		F189F0F01BCF426F00E50D29 /* Sources */ = {
			isa = PBXSourcesBuildPhase;
			buildActionMask = 2147483647;
			files = (
				F189F0F91BCF426F00E50D29 /* PhotoGridUITests.m in Sources */,
			);
			runOnlyForDeploymentPostprocessing = 0;
		};
/* End PBXSourcesBuildPhase section */

/* Begin PBXTargetDependency section */
		F189F0EB1BCF426F00E50D29 /* PBXTargetDependency */ = {
			isa = PBXTargetDependency;
			target = F189F0CF1BCF426F00E50D29 /* HHPhotoGrid */;
			targetProxy = F189F0EA1BCF426F00E50D29 /* PBXContainerItemProxy */;
		};
		F189F0F61BCF426F00E50D29 /* PBXTargetDependency */ = {
			isa = PBXTargetDependency;
			target = F189F0CF1BCF426F00E50D29 /* HHPhotoGrid */;
			targetProxy = F189F0F51BCF426F00E50D29 /* PBXContainerItemProxy */;
		};
/* End PBXTargetDependency section */

/* Begin PBXVariantGroup section */
		F189F0DC1BCF426F00E50D29 /* Main.storyboard */ = {
			isa = PBXVariantGroup;
			children = (
				F189F0DD1BCF426F00E50D29 /* Base */,
			);
			name = Main.storyboard;
			sourceTree = "<group>";
		};
		F189F0E11BCF426F00E50D29 /* LaunchScreen.storyboard */ = {
			isa = PBXVariantGroup;
			children = (
				F189F0E21BCF426F00E50D29 /* Base */,
			);
			name = LaunchScreen.storyboard;
			sourceTree = "<group>";
		};
/* End PBXVariantGroup section */

/* Begin XCBuildConfiguration section */
		F189F0FB1BCF426F00E50D29 /* Debug */ = {
			isa = XCBuildConfiguration;
			buildSettings = {
				ALWAYS_SEARCH_USER_PATHS = NO;
				CLANG_CXX_LANGUAGE_STANDARD = "gnu++0x";
				CLANG_CXX_LIBRARY = "libc++";
				CLANG_ENABLE_MODULES = YES;
				CLANG_ENABLE_OBJC_ARC = YES;
				CLANG_WARN_BOOL_CONVERSION = YES;
				CLANG_WARN_CONSTANT_CONVERSION = YES;
				CLANG_WARN_DIRECT_OBJC_ISA_USAGE = YES_ERROR;
				CLANG_WARN_EMPTY_BODY = YES;
				CLANG_WARN_ENUM_CONVERSION = YES;
				CLANG_WARN_INT_CONVERSION = YES;
				CLANG_WARN_OBJC_ROOT_CLASS = YES_ERROR;
				CLANG_WARN_UNREACHABLE_CODE = YES;
				CLANG_WARN__DUPLICATE_METHOD_MATCH = YES;
				"CODE_SIGN_IDENTITY[sdk=iphoneos*]" = "iPhone Developer";
				COPY_PHASE_STRIP = NO;
				DEBUG_INFORMATION_FORMAT = dwarf;
				ENABLE_STRICT_OBJC_MSGSEND = YES;
				ENABLE_TESTABILITY = YES;
				GCC_C_LANGUAGE_STANDARD = gnu99;
				GCC_DYNAMIC_NO_PIC = NO;
				GCC_NO_COMMON_BLOCKS = YES;
				GCC_OPTIMIZATION_LEVEL = 0;
				GCC_PREPROCESSOR_DEFINITIONS = (
					"DEBUG=1",
					"$(inherited)",
				);
				GCC_WARN_64_TO_32_BIT_CONVERSION = YES;
				GCC_WARN_ABOUT_RETURN_TYPE = YES_ERROR;
				GCC_WARN_UNDECLARED_SELECTOR = YES;
				GCC_WARN_UNINITIALIZED_AUTOS = YES_AGGRESSIVE;
				GCC_WARN_UNUSED_FUNCTION = YES;
				GCC_WARN_UNUSED_VARIABLE = YES;
				IPHONEOS_DEPLOYMENT_TARGET = 8.1;
				MTL_ENABLE_DEBUG_INFO = YES;
				ONLY_ACTIVE_ARCH = YES;
				SDKROOT = iphoneos;
				TARGETED_DEVICE_FAMILY = "1,2";
			};
			name = Debug;
		};
		F189F0FC1BCF426F00E50D29 /* Release */ = {
			isa = XCBuildConfiguration;
			buildSettings = {
				ALWAYS_SEARCH_USER_PATHS = NO;
				CLANG_CXX_LANGUAGE_STANDARD = "gnu++0x";
				CLANG_CXX_LIBRARY = "libc++";
				CLANG_ENABLE_MODULES = YES;
				CLANG_ENABLE_OBJC_ARC = YES;
				CLANG_WARN_BOOL_CONVERSION = YES;
				CLANG_WARN_CONSTANT_CONVERSION = YES;
				CLANG_WARN_DIRECT_OBJC_ISA_USAGE = YES_ERROR;
				CLANG_WARN_EMPTY_BODY = YES;
				CLANG_WARN_ENUM_CONVERSION = YES;
				CLANG_WARN_INT_CONVERSION = YES;
				CLANG_WARN_OBJC_ROOT_CLASS = YES_ERROR;
				CLANG_WARN_UNREACHABLE_CODE = YES;
				CLANG_WARN__DUPLICATE_METHOD_MATCH = YES;
				"CODE_SIGN_IDENTITY[sdk=iphoneos*]" = "iPhone Developer";
				COPY_PHASE_STRIP = NO;
				DEBUG_INFORMATION_FORMAT = "dwarf-with-dsym";
				ENABLE_NS_ASSERTIONS = NO;
				ENABLE_STRICT_OBJC_MSGSEND = YES;
				GCC_C_LANGUAGE_STANDARD = gnu99;
				GCC_NO_COMMON_BLOCKS = YES;
				GCC_WARN_64_TO_32_BIT_CONVERSION = YES;
				GCC_WARN_ABOUT_RETURN_TYPE = YES_ERROR;
				GCC_WARN_UNDECLARED_SELECTOR = YES;
				GCC_WARN_UNINITIALIZED_AUTOS = YES_AGGRESSIVE;
				GCC_WARN_UNUSED_FUNCTION = YES;
				GCC_WARN_UNUSED_VARIABLE = YES;
				IPHONEOS_DEPLOYMENT_TARGET = 8.1;
				MTL_ENABLE_DEBUG_INFO = NO;
				SDKROOT = iphoneos;
				TARGETED_DEVICE_FAMILY = "1,2";
				VALIDATE_PRODUCT = YES;
			};
			name = Release;
		};
		F189F0FE1BCF426F00E50D29 /* Debug */ = {
			isa = XCBuildConfiguration;
			buildSettings = {
				ASSETCATALOG_COMPILER_APPICON_NAME = AppIcon;
				CODE_SIGN_IDENTITY = "iPhone Developer";
				INFOPLIST_FILE = PhotoGrid/Info.plist;
				IPHONEOS_DEPLOYMENT_TARGET = 6.0;
				LD_RUNPATH_SEARCH_PATHS = "$(inherited) @executable_path/Frameworks";
				PRODUCT_BUNDLE_IDENTIFIER = com.wlnana17.photo;
				PRODUCT_NAME = HHPhotoGrid;
			};
			name = Debug;
		};
		F189F0FF1BCF426F00E50D29 /* Release */ = {
			isa = XCBuildConfiguration;
			buildSettings = {
				ASSETCATALOG_COMPILER_APPICON_NAME = AppIcon;
				CODE_SIGN_IDENTITY = "iPhone Developer";
				INFOPLIST_FILE = PhotoGrid/Info.plist;
				IPHONEOS_DEPLOYMENT_TARGET = 6.0;
				LD_RUNPATH_SEARCH_PATHS = "$(inherited) @executable_path/Frameworks";
				PRODUCT_BUNDLE_IDENTIFIER = com.wlnana17.photo;
				PRODUCT_NAME = HHPhotoGrid;
			};
			name = Release;
		};
		F189F1011BCF426F00E50D29 /* Debug */ = {
			isa = XCBuildConfiguration;
			buildSettings = {
				BUNDLE_LOADER = "$(TEST_HOST)";
				INFOPLIST_FILE = PhotoGridTests/Info.plist;
				LD_RUNPATH_SEARCH_PATHS = "$(inherited) @executable_path/Frameworks @loader_path/Frameworks";
				PRODUCT_BUNDLE_IDENTIFIER = com.liuyh.PhotoGridTests;
				PRODUCT_NAME = HHPhotoGrid;
				TEST_HOST = "$(BUILT_PRODUCTS_DIR)/HHPhotoGrid.app/HHPhotoGrid";
			};
			name = Debug;
		};
		F189F1021BCF426F00E50D29 /* Release */ = {
			isa = XCBuildConfiguration;
			buildSettings = {
				BUNDLE_LOADER = "$(TEST_HOST)";
				INFOPLIST_FILE = PhotoGridTests/Info.plist;
				LD_RUNPATH_SEARCH_PATHS = "$(inherited) @executable_path/Frameworks @loader_path/Frameworks";
				PRODUCT_BUNDLE_IDENTIFIER = com.liuyh.PhotoGridTests;
				PRODUCT_NAME = HHPhotoGrid;
				TEST_HOST = "$(BUILT_PRODUCTS_DIR)/HHPhotoGrid.app/HHPhotoGrid";
			};
			name = Release;
		};
		F189F1041BCF426F00E50D29 /* Debug */ = {
			isa = XCBuildConfiguration;
			buildSettings = {
				INFOPLIST_FILE = PhotoGridUITests/Info.plist;
				LD_RUNPATH_SEARCH_PATHS = "$(inherited) @executable_path/Frameworks @loader_path/Frameworks";
				PRODUCT_BUNDLE_IDENTIFIER = com.liuyh.PhotoGridUITests;
				PRODUCT_NAME = HHPhotoGrid;
				TEST_TARGET_NAME = PhotoGrid;
				USES_XCTRUNNER = YES;
			};
			name = Debug;
		};
		F189F1051BCF426F00E50D29 /* Release */ = {
			isa = XCBuildConfiguration;
			buildSettings = {
				INFOPLIST_FILE = PhotoGridUITests/Info.plist;
				LD_RUNPATH_SEARCH_PATHS = "$(inherited) @executable_path/Frameworks @loader_path/Frameworks";
				PRODUCT_BUNDLE_IDENTIFIER = com.liuyh.PhotoGridUITests;
				PRODUCT_NAME = HHPhotoGrid;
				TEST_TARGET_NAME = PhotoGrid;
				USES_XCTRUNNER = YES;
			};
			name = Release;
		};
/* End XCBuildConfiguration section */

/* Begin XCConfigurationList section */
		F189F0CB1BCF426F00E50D29 /* Build configuration list for PBXProject "HHPhotoGrid" */ = {
			isa = XCConfigurationList;
			buildConfigurations = (
				F189F0FB1BCF426F00E50D29 /* Debug */,
				F189F0FC1BCF426F00E50D29 /* Release */,
			);
			defaultConfigurationIsVisible = 0;
			defaultConfigurationName = Release;
		};
		F189F0FD1BCF426F00E50D29 /* Build configuration list for PBXNativeTarget "HHPhotoGrid" */ = {
			isa = XCConfigurationList;
			buildConfigurations = (
				F189F0FE1BCF426F00E50D29 /* Debug */,
				F189F0FF1BCF426F00E50D29 /* Release */,
			);
			defaultConfigurationIsVisible = 0;
			defaultConfigurationName = Release;
		};
		F189F1001BCF426F00E50D29 /* Build configuration list for PBXNativeTarget "HHPhotoGridTests" */ = {
			isa = XCConfigurationList;
			buildConfigurations = (
				F189F1011BCF426F00E50D29 /* Debug */,
				F189F1021BCF426F00E50D29 /* Release */,
			);
			defaultConfigurationIsVisible = 0;
			defaultConfigurationName = Release;
		};
		F189F1031BCF426F00E50D29 /* Build configuration list for PBXNativeTarget "HHPhotoGridUITests" */ = {
			isa = XCConfigurationList;
			buildConfigurations = (
				F189F1041BCF426F00E50D29 /* Debug */,
				F189F1051BCF426F00E50D29 /* Release */,
			);
			defaultConfigurationIsVisible = 0;
			defaultConfigurationName = Release;
		};
/* End XCConfigurationList section */
	};
	rootObject = F189F0C81BCF426F00E50D29 /* Project object */;
}
